// !$*UTF8*$!
{
	archiveVersion = 1;
	classes = {
	};
	objectVersion = 50;
	objects = {

/* Begin PBXBuildFile section */
		78524BF52564724100074B14 /* ViewModelGenerator.swift in Sources */ = {isa = PBXBuildFile; fileRef = 78524BF42564724100074B14 /* ViewModelGenerator.swift */; };
		78548CEB2554A34A00B7EB57 /* AppDelegate.swift in Sources */ = {isa = PBXBuildFile; fileRef = 78548CEA2554A34A00B7EB57 /* AppDelegate.swift */; };
		78548CED2554A34A00B7EB57 /* SceneDelegate.swift in Sources */ = {isa = PBXBuildFile; fileRef = 78548CEC2554A34A00B7EB57 /* SceneDelegate.swift */; };
		78548CEF2554A34A00B7EB57 /* ContentView.swift in Sources */ = {isa = PBXBuildFile; fileRef = 78548CEE2554A34A00B7EB57 /* ContentView.swift */; };
		78548CF12554A34C00B7EB57 /* Assets.xcassets in Resources */ = {isa = PBXBuildFile; fileRef = 78548CF02554A34C00B7EB57 /* Assets.xcassets */; };
		78548CF42554A34C00B7EB57 /* Preview Assets.xcassets in Resources */ = {isa = PBXBuildFile; fileRef = 78548CF32554A34C00B7EB57 /* Preview Assets.xcassets */; };
		78548CF72554A34C00B7EB57 /* LaunchScreen.storyboard in Resources */ = {isa = PBXBuildFile; fileRef = 78548CF52554A34C00B7EB57 /* LaunchScreen.storyboard */; };
		78548D022554A34D00B7EB57 /* RedditSwiftUITests.swift in Sources */ = {isa = PBXBuildFile; fileRef = 78548D012554A34D00B7EB57 /* RedditSwiftUITests.swift */; };
		78548D0D2554A34D00B7EB57 /* RedditSwiftUIUITests.swift in Sources */ = {isa = PBXBuildFile; fileRef = 78548D0C2554A34D00B7EB57 /* RedditSwiftUIUITests.swift */; };
		78C55869255DDCB000A203C2 /* RedditAPIClient.swift in Sources */ = {isa = PBXBuildFile; fileRef = 78C55868255DDCB000A203C2 /* RedditAPIClient.swift */; };
		78C5586E255DDCD200A203C2 /* PostsAPIResponse.swift in Sources */ = {isa = PBXBuildFile; fileRef = 78C5586D255DDCD200A203C2 /* PostsAPIResponse.swift */; };
/* End PBXBuildFile section */

/* Begin PBXContainerItemProxy section */
		78548CFE2554A34D00B7EB57 /* PBXContainerItemProxy */ = {
			isa = PBXContainerItemProxy;
			containerPortal = 78548CDF2554A34A00B7EB57 /* Project object */;
			proxyType = 1;
			remoteGlobalIDString = 78548CE62554A34A00B7EB57;
			remoteInfo = RedditSwiftUI;
		};
		78548D092554A34D00B7EB57 /* PBXContainerItemProxy */ = {
			isa = PBXContainerItemProxy;
			containerPortal = 78548CDF2554A34A00B7EB57 /* Project object */;
			proxyType = 1;
			remoteGlobalIDString = 78548CE62554A34A00B7EB57;
			remoteInfo = RedditSwiftUI;
		};
/* End PBXContainerItemProxy section */

/* Begin PBXFileReference section */
		78524BF42564724100074B14 /* ViewModelGenerator.swift */ = {isa = PBXFileReference; lastKnownFileType = sourcecode.swift; path = ViewModelGenerator.swift; sourceTree = "<group>"; };
		78548CE72554A34A00B7EB57 /* RedditSwiftUI.app */ = {isa = PBXFileReference; explicitFileType = wrapper.application; includeInIndex = 0; path = RedditSwiftUI.app; sourceTree = BUILT_PRODUCTS_DIR; };
		78548CEA2554A34A00B7EB57 /* AppDelegate.swift */ = {isa = PBXFileReference; lastKnownFileType = sourcecode.swift; path = AppDelegate.swift; sourceTree = "<group>"; };
		78548CEC2554A34A00B7EB57 /* SceneDelegate.swift */ = {isa = PBXFileReference; lastKnownFileType = sourcecode.swift; path = SceneDelegate.swift; sourceTree = "<group>"; };
		78548CEE2554A34A00B7EB57 /* ContentView.swift */ = {isa = PBXFileReference; lastKnownFileType = sourcecode.swift; path = ContentView.swift; sourceTree = "<group>"; };
		78548CF02554A34C00B7EB57 /* Assets.xcassets */ = {isa = PBXFileReference; lastKnownFileType = folder.assetcatalog; path = Assets.xcassets; sourceTree = "<group>"; };
		78548CF32554A34C00B7EB57 /* Preview Assets.xcassets */ = {isa = PBXFileReference; lastKnownFileType = folder.assetcatalog; path = "Preview Assets.xcassets"; sourceTree = "<group>"; };
		78548CF62554A34C00B7EB57 /* Base */ = {isa = PBXFileReference; lastKnownFileType = file.storyboard; name = Base; path = Base.lproj/LaunchScreen.storyboard; sourceTree = "<group>"; };
		78548CF82554A34C00B7EB57 /* Info.plist */ = {isa = PBXFileReference; lastKnownFileType = text.plist.xml; path = Info.plist; sourceTree = "<group>"; };
		78548CFD2554A34D00B7EB57 /* RedditSwiftUITests.xctest */ = {isa = PBXFileReference; explicitFileType = wrapper.cfbundle; includeInIndex = 0; path = RedditSwiftUITests.xctest; sourceTree = BUILT_PRODUCTS_DIR; };
		78548D012554A34D00B7EB57 /* RedditSwiftUITests.swift */ = {isa = PBXFileReference; lastKnownFileType = sourcecode.swift; path = RedditSwiftUITests.swift; sourceTree = "<group>"; };
		78548D032554A34D00B7EB57 /* Info.plist */ = {isa = PBXFileReference; lastKnownFileType = text.plist.xml; path = Info.plist; sourceTree = "<group>"; };
		78548D082554A34D00B7EB57 /* RedditSwiftUIUITests.xctest */ = {isa = PBXFileReference; explicitFileType = wrapper.cfbundle; includeInIndex = 0; path = RedditSwiftUIUITests.xctest; sourceTree = BUILT_PRODUCTS_DIR; };
		78548D0C2554A34D00B7EB57 /* RedditSwiftUIUITests.swift */ = {isa = PBXFileReference; lastKnownFileType = sourcecode.swift; path = RedditSwiftUIUITests.swift; sourceTree = "<group>"; };
		78548D0E2554A34D00B7EB57 /* Info.plist */ = {isa = PBXFileReference; lastKnownFileType = text.plist.xml; path = Info.plist; sourceTree = "<group>"; };
		78C55868255DDCB000A203C2 /* RedditAPIClient.swift */ = {isa = PBXFileReference; lastKnownFileType = sourcecode.swift; path = RedditAPIClient.swift; sourceTree = "<group>"; };
		78C5586D255DDCD200A203C2 /* PostsAPIResponse.swift */ = {isa = PBXFileReference; lastKnownFileType = sourcecode.swift; path = PostsAPIResponse.swift; sourceTree = "<group>"; };
/* End PBXFileReference section */

/* Begin PBXFrameworksBuildPhase section */
		78548CE42554A34A00B7EB57 /* Frameworks */ = {
			isa = PBXFrameworksBuildPhase;
			buildActionMask = 2147483647;
			files = (
			);
			runOnlyForDeploymentPostprocessing = 0;
		};
		78548CFA2554A34D00B7EB57 /* Frameworks */ = {
			isa = PBXFrameworksBuildPhase;
			buildActionMask = 2147483647;
			files = (
			);
			runOnlyForDeploymentPostprocessing = 0;
		};
		78548D052554A34D00B7EB57 /* Frameworks */ = {
			isa = PBXFrameworksBuildPhase;
			buildActionMask = 2147483647;
			files = (
			);
			runOnlyForDeploymentPostprocessing = 0;
		};
/* End PBXFrameworksBuildPhase section */

/* Begin PBXGroup section */
		78548CDE2554A34A00B7EB57 = {
			isa = PBXGroup;
			children = (
				78548CE92554A34A00B7EB57 /* RedditSwiftUI */,
				78C55867255DDC8300A203C2 /* Data */,
				78548D002554A34D00B7EB57 /* RedditSwiftUITests */,
				78548D0B2554A34D00B7EB57 /* RedditSwiftUIUITests */,
				78548CE82554A34A00B7EB57 /* Products */,
			);
			sourceTree = "<group>";
		};
		78548CE82554A34A00B7EB57 /* Products */ = {
			isa = PBXGroup;
			children = (
				78548CE72554A34A00B7EB57 /* RedditSwiftUI.app */,
				78548CFD2554A34D00B7EB57 /* RedditSwiftUITests.xctest */,
				78548D082554A34D00B7EB57 /* RedditSwiftUIUITests.xctest */,
			);
			name = Products;
			sourceTree = "<group>";
		};
		78548CE92554A34A00B7EB57 /* RedditSwiftUI */ = {
			isa = PBXGroup;
			children = (
				78548CEA2554A34A00B7EB57 /* AppDelegate.swift */,
				78548CEC2554A34A00B7EB57 /* SceneDelegate.swift */,
				78548CEE2554A34A00B7EB57 /* ContentView.swift */,
				78548CF02554A34C00B7EB57 /* Assets.xcassets */,
				78548CF52554A34C00B7EB57 /* LaunchScreen.storyboard */,
				78548CF82554A34C00B7EB57 /* Info.plist */,
				78548CF22554A34C00B7EB57 /* Preview Content */,
				78524BF42564724100074B14 /* ViewModelGenerator.swift */,
			);
			path = RedditSwiftUI;
			sourceTree = "<group>";
		};
		78548CF22554A34C00B7EB57 /* Preview Content */ = {
			isa = PBXGroup;
			children = (
				78548CF32554A34C00B7EB57 /* Preview Assets.xcassets */,
			);
			path = "Preview Content";
			sourceTree = "<group>";
		};
		78548D002554A34D00B7EB57 /* RedditSwiftUITests */ = {
			isa = PBXGroup;
			children = (
				78548D012554A34D00B7EB57 /* RedditSwiftUITests.swift */,
				78548D032554A34D00B7EB57 /* Info.plist */,
			);
			path = RedditSwiftUITests;
			sourceTree = "<group>";
		};
		78548D0B2554A34D00B7EB57 /* RedditSwiftUIUITests */ = {
			isa = PBXGroup;
			children = (
				78548D0C2554A34D00B7EB57 /* RedditSwiftUIUITests.swift */,
				78548D0E2554A34D00B7EB57 /* Info.plist */,
			);
			path = RedditSwiftUIUITests;
			sourceTree = "<group>";
		};
		78C55867255DDC8300A203C2 /* Data */ = {
			isa = PBXGroup;
			children = (
				78C55868255DDCB000A203C2 /* RedditAPIClient.swift */,
				78C5586D255DDCD200A203C2 /* PostsAPIResponse.swift */,
			);
			path = Data;
			sourceTree = "<group>";
		};
/* End PBXGroup section */

/* Begin PBXNativeTarget section */
		78548CE62554A34A00B7EB57 /* RedditSwiftUI */ = {
			isa = PBXNativeTarget;
			buildConfigurationList = 78548D112554A34D00B7EB57 /* Build configuration list for PBXNativeTarget "RedditSwiftUI" */;
			buildPhases = (
				78548CE32554A34A00B7EB57 /* Sources */,
				78548CE42554A34A00B7EB57 /* Frameworks */,
				78548CE52554A34A00B7EB57 /* Resources */,
			);
			buildRules = (
			);
			dependencies = (
			);
			name = RedditSwiftUI;
			productName = RedditSwiftUI;
			productReference = 78548CE72554A34A00B7EB57 /* RedditSwiftUI.app */;
			productType = "com.apple.product-type.application";
		};
		78548CFC2554A34D00B7EB57 /* RedditSwiftUITests */ = {
			isa = PBXNativeTarget;
			buildConfigurationList = 78548D142554A34D00B7EB57 /* Build configuration list for PBXNativeTarget "RedditSwiftUITests" */;
			buildPhases = (
				78548CF92554A34D00B7EB57 /* Sources */,
				78548CFA2554A34D00B7EB57 /* Frameworks */,
				78548CFB2554A34D00B7EB57 /* Resources */,
			);
			buildRules = (
			);
			dependencies = (
				78548CFF2554A34D00B7EB57 /* PBXTargetDependency */,
			);
			name = RedditSwiftUITests;
			productName = RedditSwiftUITests;
			productReference = 78548CFD2554A34D00B7EB57 /* RedditSwiftUITests.xctest */;
			productType = "com.apple.product-type.bundle.unit-test";
		};
		78548D072554A34D00B7EB57 /* RedditSwiftUIUITests */ = {
			isa = PBXNativeTarget;
			buildConfigurationList = 78548D172554A34D00B7EB57 /* Build configuration list for PBXNativeTarget "RedditSwiftUIUITests" */;
			buildPhases = (
				78548D042554A34D00B7EB57 /* Sources */,
				78548D052554A34D00B7EB57 /* Frameworks */,
				78548D062554A34D00B7EB57 /* Resources */,
			);
			buildRules = (
			);
			dependencies = (
				78548D0A2554A34D00B7EB57 /* PBXTargetDependency */,
			);
			name = RedditSwiftUIUITests;
			productName = RedditSwiftUIUITests;
			productReference = 78548D082554A34D00B7EB57 /* RedditSwiftUIUITests.xctest */;
			productType = "com.apple.product-type.bundle.ui-testing";
		};
/* End PBXNativeTarget section */

/* Begin PBXProject section */
		78548CDF2554A34A00B7EB57 /* Project object */ = {
			isa = PBXProject;
			attributes = {
				LastSwiftUpdateCheck = 1210;
				LastUpgradeCheck = 1210;
				TargetAttributes = {
					78548CE62554A34A00B7EB57 = {
						CreatedOnToolsVersion = 12.1;
					};
					78548CFC2554A34D00B7EB57 = {
						CreatedOnToolsVersion = 12.1;
						TestTargetID = 78548CE62554A34A00B7EB57;
					};
					78548D072554A34D00B7EB57 = {
						CreatedOnToolsVersion = 12.1;
						TestTargetID = 78548CE62554A34A00B7EB57;
					};
				};
			};
			buildConfigurationList = 78548CE22554A34A00B7EB57 /* Build configuration list for PBXProject "RedditSwiftUI" */;
			compatibilityVersion = "Xcode 9.3";
			developmentRegion = en;
			hasScannedForEncodings = 0;
			knownRegions = (
				en,
				Base,
			);
			mainGroup = 78548CDE2554A34A00B7EB57;
			productRefGroup = 78548CE82554A34A00B7EB57 /* Products */;
			projectDirPath = "";
			projectRoot = "";
			targets = (
				78548CE62554A34A00B7EB57 /* RedditSwiftUI */,
				78548CFC2554A34D00B7EB57 /* RedditSwiftUITests */,
				78548D072554A34D00B7EB57 /* RedditSwiftUIUITests */,
			);
		};
/* End PBXProject section */

/* Begin PBXResourcesBuildPhase section */
		78548CE52554A34A00B7EB57 /* Resources */ = {
			isa = PBXResourcesBuildPhase;
			buildActionMask = 2147483647;
			files = (
				78548CF72554A34C00B7EB57 /* LaunchScreen.storyboard in Resources */,
				78548CF42554A34C00B7EB57 /* Preview Assets.xcassets in Resources */,
				78548CF12554A34C00B7EB57 /* Assets.xcassets in Resources */,
			);
			runOnlyForDeploymentPostprocessing = 0;
		};
		78548CFB2554A34D00B7EB57 /* Resources */ = {
			isa = PBXResourcesBuildPhase;
			buildActionMask = 2147483647;
			files = (
			);
			runOnlyForDeploymentPostprocessing = 0;
		};
		78548D062554A34D00B7EB57 /* Resources */ = {
			isa = PBXResourcesBuildPhase;
			buildActionMask = 2147483647;
			files = (
			);
			runOnlyForDeploymentPostprocessing = 0;
		};
/* End PBXResourcesBuildPhase section */

/* Begin PBXSourcesBuildPhase section */
		78548CE32554A34A00B7EB57 /* Sources */ = {
			isa = PBXSourcesBuildPhase;
			buildActionMask = 2147483647;
			files = (
				78548CEB2554A34A00B7EB57 /* AppDelegate.swift in Sources */,
				78C55869255DDCB000A203C2 /* RedditAPIClient.swift in Sources */,
				78524BF52564724100074B14 /* ViewModelGenerator.swift in Sources */,
				78C5586E255DDCD200A203C2 /* PostsAPIResponse.swift in Sources */,
				78548CED2554A34A00B7EB57 /* SceneDelegate.swift in Sources */,
				78548CEF2554A34A00B7EB57 /* ContentView.swift in Sources */,
			);
			runOnlyForDeploymentPostprocessing = 0;
		};
		78548CF92554A34D00B7EB57 /* Sources */ = {
			isa = PBXSourcesBuildPhase;
			buildActionMask = 2147483647;
			files = (
				78548D022554A34D00B7EB57 /* RedditSwiftUITests.swift in Sources */,
			);
			runOnlyForDeploymentPostprocessing = 0;
		};
		78548D042554A34D00B7EB57 /* Sources */ = {
			isa = PBXSourcesBuildPhase;
			buildActionMask = 2147483647;
			files = (
				78548D0D2554A34D00B7EB57 /* RedditSwiftUIUITests.swift in Sources */,
			);
			runOnlyForDeploymentPostprocessing = 0;
		};
/* End PBXSourcesBuildPhase section */

/* Begin PBXTargetDependency section */
		78548CFF2554A34D00B7EB57 /* PBXTargetDependency */ = {
			isa = PBXTargetDependency;
			target = 78548CE62554A34A00B7EB57 /* RedditSwiftUI */;
			targetProxy = 78548CFE2554A34D00B7EB57 /* PBXContainerItemProxy */;
		};
		78548D0A2554A34D00B7EB57 /* PBXTargetDependency */ = {
			isa = PBXTargetDependency;
			target = 78548CE62554A34A00B7EB57 /* RedditSwiftUI */;
			targetProxy = 78548D092554A34D00B7EB57 /* PBXContainerItemProxy */;
		};
/* End PBXTargetDependency section */

/* Begin PBXVariantGroup section */
		78548CF52554A34C00B7EB57 /* LaunchScreen.storyboard */ = {
			isa = PBXVariantGroup;
			children = (
				78548CF62554A34C00B7EB57 /* Base */,
			);
			name = LaunchScreen.storyboard;
			sourceTree = "<group>";
		};
/* End PBXVariantGroup section */

/* Begin XCBuildConfiguration section */
		78548D0F2554A34D00B7EB57 /* Debug */ = {
			isa = XCBuildConfiguration;
			buildSettings = {
				ALWAYS_SEARCH_USER_PATHS = NO;
				CLANG_ANALYZER_NONNULL = YES;
				CLANG_ANALYZER_NUMBER_OBJECT_CONVERSION = YES_AGGRESSIVE;
				CLANG_CXX_LANGUAGE_STANDARD = "gnu++14";
				CLANG_CXX_LIBRARY = "libc++";
				CLANG_ENABLE_MODULES = YES;
				CLANG_ENABLE_OBJC_ARC = YES;
				CLANG_ENABLE_OBJC_WEAK = YES;
				CLANG_WARN_BLOCK_CAPTURE_AUTORELEASING = YES;
				CLANG_WARN_BOOL_CONVERSION = YES;
				CLANG_WARN_COMMA = YES;
				CLANG_WARN_CONSTANT_CONVERSION = YES;
				CLANG_WARN_DEPRECATED_OBJC_IMPLEMENTATIONS = YES;
				CLANG_WARN_DIRECT_OBJC_ISA_USAGE = YES_ERROR;
				CLANG_WARN_DOCUMENTATION_COMMENTS = YES;
				CLANG_WARN_EMPTY_BODY = YES;
				CLANG_WARN_ENUM_CONVERSION = YES;
				CLANG_WARN_INFINITE_RECURSION = YES;
				CLANG_WARN_INT_CONVERSION = YES;
				CLANG_WARN_NON_LITERAL_NULL_CONVERSION = YES;
				CLANG_WARN_OBJC_IMPLICIT_RETAIN_SELF = YES;
				CLANG_WARN_OBJC_LITERAL_CONVERSION = YES;
				CLANG_WARN_OBJC_ROOT_CLASS = YES_ERROR;
				CLANG_WARN_QUOTED_INCLUDE_IN_FRAMEWORK_HEADER = YES;
				CLANG_WARN_RANGE_LOOP_ANALYSIS = YES;
				CLANG_WARN_STRICT_PROTOTYPES = YES;
				CLANG_WARN_SUSPICIOUS_MOVE = YES;
				CLANG_WARN_UNGUARDED_AVAILABILITY = YES_AGGRESSIVE;
				CLANG_WARN_UNREACHABLE_CODE = YES;
				CLANG_WARN__DUPLICATE_METHOD_MATCH = YES;
				COPY_PHASE_STRIP = NO;
				DEBUG_INFORMATION_FORMAT = dwarf;
				ENABLE_STRICT_OBJC_MSGSEND = YES;
				ENABLE_TESTABILITY = YES;
				GCC_C_LANGUAGE_STANDARD = gnu11;
				GCC_DYNAMIC_NO_PIC = NO;
				GCC_NO_COMMON_BLOCKS = YES;
				GCC_OPTIMIZATION_LEVEL = 0;
				GCC_PREPROCESSOR_DEFINITIONS = (
					"DEBUG=1",
					"$(inherited)",
				);
				GCC_WARN_64_TO_32_BIT_CONVERSION = YES;
				GCC_WARN_ABOUT_RETURN_TYPE = YES_ERROR;
				GCC_WARN_UNDECLARED_SELECTOR = YES;
				GCC_WARN_UNINITIALIZED_AUTOS = YES_AGGRESSIVE;
				GCC_WARN_UNUSED_FUNCTION = YES;
				GCC_WARN_UNUSED_VARIABLE = YES;
				IPHONEOS_DEPLOYMENT_TARGET = 14.1;
				MTL_ENABLE_DEBUG_INFO = INCLUDE_SOURCE;
				MTL_FAST_MATH = YES;
				ONLY_ACTIVE_ARCH = YES;
				SDKROOT = iphoneos;
				SWIFT_ACTIVE_COMPILATION_CONDITIONS = DEBUG;
				SWIFT_OPTIMIZATION_LEVEL = "-Onone";
			};
			name = Debug;
		};
		78548D102554A34D00B7EB57 /* Release */ = {
			isa = XCBuildConfiguration;
			buildSettings = {
				ALWAYS_SEARCH_USER_PATHS = NO;
				CLANG_ANALYZER_NONNULL = YES;
				CLANG_ANALYZER_NUMBER_OBJECT_CONVERSION = YES_AGGRESSIVE;
				CLANG_CXX_LANGUAGE_STANDARD = "gnu++14";
				CLANG_CXX_LIBRARY = "libc++";
				CLANG_ENABLE_MODULES = YES;
				CLANG_ENABLE_OBJC_ARC = YES;
				CLANG_ENABLE_OBJC_WEAK = YES;
				CLANG_WARN_BLOCK_CAPTURE_AUTORELEASING = YES;
				CLANG_WARN_BOOL_CONVERSION = YES;
				CLANG_WARN_COMMA = YES;
				CLANG_WARN_CONSTANT_CONVERSION = YES;
				CLANG_WARN_DEPRECATED_OBJC_IMPLEMENTATIONS = YES;
				CLANG_WARN_DIRECT_OBJC_ISA_USAGE = YES_ERROR;
				CLANG_WARN_DOCUMENTATION_COMMENTS = YES;
				CLANG_WARN_EMPTY_BODY = YES;
				CLANG_WARN_ENUM_CONVERSION = YES;
				CLANG_WARN_INFINITE_RECURSION = YES;
				CLANG_WARN_INT_CONVERSION = YES;
				CLANG_WARN_NON_LITERAL_NULL_CONVERSION = YES;
				CLANG_WARN_OBJC_IMPLICIT_RETAIN_SELF = YES;
				CLANG_WARN_OBJC_LITERAL_CONVERSION = YES;
				CLANG_WARN_OBJC_ROOT_CLASS = YES_ERROR;
				CLANG_WARN_QUOTED_INCLUDE_IN_FRAMEWORK_HEADER = YES;
				CLANG_WARN_RANGE_LOOP_ANALYSIS = YES;
				CLANG_WARN_STRICT_PROTOTYPES = YES;
				CLANG_WARN_SUSPICIOUS_MOVE = YES;
				CLANG_WARN_UNGUARDED_AVAILABILITY = YES_AGGRESSIVE;
				CLANG_WARN_UNREACHABLE_CODE = YES;
				CLANG_WARN__DUPLICATE_METHOD_MATCH = YES;
				COPY_PHASE_STRIP = NO;
				DEBUG_INFORMATION_FORMAT = "dwarf-with-dsym";
				ENABLE_NS_ASSERTIONS = NO;
				ENABLE_STRICT_OBJC_MSGSEND = YES;
				GCC_C_LANGUAGE_STANDARD = gnu11;
				GCC_NO_COMMON_BLOCKS = YES;
				GCC_WARN_64_TO_32_BIT_CONVERSION = YES;
				GCC_WARN_ABOUT_RETURN_TYPE = YES_ERROR;
				GCC_WARN_UNDECLARED_SELECTOR = YES;
				GCC_WARN_UNINITIALIZED_AUTOS = YES_AGGRESSIVE;
				GCC_WARN_UNUSED_FUNCTION = YES;
				GCC_WARN_UNUSED_VARIABLE = YES;
				IPHONEOS_DEPLOYMENT_TARGET = 14.1;
				MTL_ENABLE_DEBUG_INFO = NO;
				MTL_FAST_MATH = YES;
				SDKROOT = iphoneos;
				SWIFT_COMPILATION_MODE = wholemodule;
				SWIFT_OPTIMIZATION_LEVEL = "-O";
				VALIDATE_PRODUCT = YES;
			};
			name = Release;
		};
		78548D122554A34D00B7EB57 /* Debug */ = {
			isa = XCBuildConfiguration;
			buildSettings = {
				ASSETCATALOG_COMPILER_APPICON_NAME = AppIcon;
				ASSETCATALOG_COMPILER_GLOBAL_ACCENT_COLOR_NAME = AccentColor;
				CODE_SIGN_STYLE = Automatic;
				DEVELOPMENT_ASSET_PATHS = "\"RedditSwiftUI/Preview Content\"";
				DEVELOPMENT_TEAM = 7385526RHE;
				ENABLE_PREVIEWS = YES;
				INFOPLIST_FILE = RedditSwiftUI/Info.plist;
				LD_RUNPATH_SEARCH_PATHS = (
					"$(inherited)",
					"@executable_path/Frameworks",
				);
				PRODUCT_BUNDLE_IDENTIFIER = com.willtellis.RedditSwiftUI;
				PRODUCT_NAME = "$(TARGET_NAME)";
				SWIFT_VERSION = 5.0;
				TARGETED_DEVICE_FAMILY = "1,2";
			};
			name = Debug;
		};
		78548D132554A34D00B7EB57 /* Release */ = {
			isa = XCBuildConfiguration;
			buildSettings = {
				ASSETCATALOG_COMPILER_APPICON_NAME = AppIcon;
				ASSETCATALOG_COMPILER_GLOBAL_ACCENT_COLOR_NAME = AccentColor;
				CODE_SIGN_STYLE = Automatic;
				DEVELOPMENT_ASSET_PATHS = "\"RedditSwiftUI/Preview Content\"";
				DEVELOPMENT_TEAM = 7385526RHE;
				ENABLE_PREVIEWS = YES;
				INFOPLIST_FILE = RedditSwiftUI/Info.plist;
				LD_RUNPATH_SEARCH_PATHS = (
					"$(inherited)",
					"@executable_path/Frameworks",
				);
				PRODUCT_BUNDLE_IDENTIFIER = com.willtellis.RedditSwiftUI;
				PRODUCT_NAME = "$(TARGET_NAME)";
				SWIFT_VERSION = 5.0;
				TARGETED_DEVICE_FAMILY = "1,2";
			};
			name = Release;
		};
		78548D152554A34D00B7EB57 /* Debug */ = {
			isa = XCBuildConfiguration;
			buildSettings = {
				ALWAYS_EMBED_SWIFT_STANDARD_LIBRARIES = YES;
				BUNDLE_LOADER = "$(TEST_HOST)";
				CODE_SIGN_STYLE = Automatic;
				DEVELOPMENT_TEAM = 7385526RHE;
				INFOPLIST_FILE = RedditSwiftUITests/Info.plist;
				IPHONEOS_DEPLOYMENT_TARGET = 14.1;
				LD_RUNPATH_SEARCH_PATHS = (
					"$(inherited)",
					"@executable_path/Frameworks",
					"@loader_path/Frameworks",
				);
				PRODUCT_BUNDLE_IDENTIFIER = com.willtellis.RedditSwiftUITests;
				PRODUCT_NAME = "$(TARGET_NAME)";
				SWIFT_VERSION = 5.0;
				TARGETED_DEVICE_FAMILY = "1,2";
				TEST_HOST = "$(BUILT_PRODUCTS_DIR)/RedditSwiftUI.app/RedditSwiftUI";
			};
			name = Debug;
		};
		78548D162554A34D00B7EB57 /* Release */ = {
			isa = XCBuildConfiguration;
			buildSettings = {
				ALWAYS_EMBED_SWIFT_STANDARD_LIBRARIES = YES;
				BUNDLE_LOADER = "$(TEST_HOST)";
				CODE_SIGN_STYLE = Automatic;
				DEVELOPMENT_TEAM = 7385526RHE;
				INFOPLIST_FILE = RedditSwiftUITests/Info.plist;
				IPHONEOS_DEPLOYMENT_TARGET = 14.1;
				LD_RUNPATH_SEARCH_PATHS = (
					"$(inherited)",
					"@executable_path/Frameworks",
					"@loader_path/Frameworks",
				);
				PRODUCT_BUNDLE_IDENTIFIER = com.willtellis.RedditSwiftUITests;
				PRODUCT_NAME = "$(TARGET_NAME)";
				SWIFT_VERSION = 5.0;
				TARGETED_DEVICE_FAMILY = "1,2";
				TEST_HOST = "$(BUILT_PRODUCTS_DIR)/RedditSwiftUI.app/RedditSwiftUI";
			};
			name = Release;
		};
		78548D182554A34D00B7EB57 /* Debug */ = {
			isa = XCBuildConfiguration;
			buildSettings = {
				ALWAYS_EMBED_SWIFT_STANDARD_LIBRARIES = YES;
				CODE_SIGN_STYLE = Automatic;
				DEVELOPMENT_TEAM = 7385526RHE;
				INFOPLIST_FILE = RedditSwiftUIUITests/Info.plist;
				LD_RUNPATH_SEARCH_PATHS = (
					"$(inherited)",
					"@executable_path/Frameworks",
					"@loader_path/Frameworks",
				);
				PRODUCT_BUNDLE_IDENTIFIER = com.willtellis.RedditSwiftUIUITests;
				PRODUCT_NAME = "$(TARGET_NAME)";
				SWIFT_VERSION = 5.0;
				TARGETED_DEVICE_FAMILY = "1,2";
				TEST_TARGET_NAME = RedditSwiftUI;
			};
			name = Debug;
		};
		78548D192554A34D00B7EB57 /* Release */ = {
			isa = XCBuildConfiguration;
			buildSettings = {
				ALWAYS_EMBED_SWIFT_STANDARD_LIBRARIES = YES;
				CODE_SIGN_STYLE = Automatic;
				DEVELOPMENT_TEAM = 7385526RHE;
				INFOPLIST_FILE = RedditSwiftUIUITests/Info.plist;
				LD_RUNPATH_SEARCH_PATHS = (
					"$(inherited)",
					"@executable_path/Frameworks",
					"@loader_path/Frameworks",
				);
				PRODUCT_BUNDLE_IDENTIFIER = com.willtellis.RedditSwiftUIUITests;
				PRODUCT_NAME = "$(TARGET_NAME)";
				SWIFT_VERSION = 5.0;
				TARGETED_DEVICE_FAMILY = "1,2";
				TEST_TARGET_NAME = RedditSwiftUI;
			};
			name = Release;
		};
/* End XCBuildConfiguration section */

/* Begin XCConfigurationList section */
		78548CE22554A34A00B7EB57 /* Build configuration list for PBXProject "RedditSwiftUI" */ = {
			isa = XCConfigurationList;
			buildConfigurations = (
				78548D0F2554A34D00B7EB57 /* Debug */,
				78548D102554A34D00B7EB57 /* Release */,
			);
			defaultConfigurationIsVisible = 0;
			defaultConfigurationName = Release;
		};
		78548D112554A34D00B7EB57 /* Build configuration list for PBXNativeTarget "RedditSwiftUI" */ = {
			isa = XCConfigurationList;
			buildConfigurations = (
				78548D122554A34D00B7EB57 /* Debug */,
				78548D132554A34D00B7EB57 /* Release */,
			);
			defaultConfigurationIsVisible = 0;
			defaultConfigurationName = Release;
		};
		78548D142554A34D00B7EB57 /* Build configuration list for PBXNativeTarget "RedditSwiftUITests" */ = {
			isa = XCConfigurationList;
			buildConfigurations = (
				78548D152554A34D00B7EB57 /* Debug */,
				78548D162554A34D00B7EB57 /* Release */,
			);
			defaultConfigurationIsVisible = 0;
			defaultConfigurationName = Release;
		};
		78548D172554A34D00B7EB57 /* Build configuration list for PBXNativeTarget "RedditSwiftUIUITests" */ = {
			isa = XCConfigurationList;
			buildConfigurations = (
				78548D182554A34D00B7EB57 /* Debug */,
				78548D192554A34D00B7EB57 /* Release */,
			);
			defaultConfigurationIsVisible = 0;
			defaultConfigurationName = Release;
		};
/* End XCConfigurationList section */
	};
	rootObject = 78548CDF2554A34A00B7EB57 /* Project object */;
}
